// !$*UTF8*$!
{
	archiveVersion = 1;
	classes = {
	};
	objectVersion = 46;
	objects = {

/* Begin PBXBuildFile section */
		EE03B9821CC4C2BC00209793 /* PolarCoordinatedView.swift in Sources */ = {isa = PBXBuildFile; fileRef = EE03B9811CC4C2BC00209793 /* PolarCoordinatedView.swift */; };
		EE03B9841CC508CF00209793 /* RotatableView.swift in Sources */ = {isa = PBXBuildFile; fileRef = EE03B9831CC508CF00209793 /* RotatableView.swift */; };
		EE03B9881CC61CD400209793 /* RotatableViewDemoViewController.swift in Sources */ = {isa = PBXBuildFile; fileRef = EE03B9871CC61CD400209793 /* RotatableViewDemoViewController.swift */; };
		EE03B98B1CC65E3700209793 /* CircularScrollViewDemoViewController.swift in Sources */ = {isa = PBXBuildFile; fileRef = EE03B98A1CC65E3700209793 /* CircularScrollViewDemoViewController.swift */; };
		EE03B98D1CC65F5F00209793 /* CircularScrollView.swift in Sources */ = {isa = PBXBuildFile; fileRef = EE03B98C1CC65F5F00209793 /* CircularScrollView.swift */; };
		EE1C191C1CC0EB0600E6C4CC /* AppDelegate.swift in Sources */ = {isa = PBXBuildFile; fileRef = EE1C191B1CC0EB0600E6C4CC /* AppDelegate.swift */; };
		EE1C19211CC0EB0600E6C4CC /* Main.storyboard in Resources */ = {isa = PBXBuildFile; fileRef = EE1C191F1CC0EB0600E6C4CC /* Main.storyboard */; };
		EE1C19231CC0EB0600E6C4CC /* Assets.xcassets in Resources */ = {isa = PBXBuildFile; fileRef = EE1C19221CC0EB0600E6C4CC /* Assets.xcassets */; };
		EE1C19261CC0EB0600E6C4CC /* LaunchScreen.storyboard in Resources */ = {isa = PBXBuildFile; fileRef = EE1C19241CC0EB0600E6C4CC /* LaunchScreen.storyboard */; };
		EE6C8DF11CCE12CE009BDCAA /* PolarCoordinatedLayer.swift in Sources */ = {isa = PBXBuildFile; fileRef = EE6C8DF01CCE12CE009BDCAA /* PolarCoordinatedLayer.swift */; };
		EE9D2AD51CC766F800C943DB /* PolarKitTests.swift in Sources */ = {isa = PBXBuildFile; fileRef = EE9D2AD41CC766F800C943DB /* PolarKitTests.swift */; };
		EE9D2ADD1CC7A47D00C943DB /* ApproximateOperatorsForDouble.swift in Sources */ = {isa = PBXBuildFile; fileRef = EE9D2ADC1CC7A47D00C943DB /* ApproximateOperatorsForDouble.swift */; };
		EE9D2AE11CC9DEE700C943DB /* CGGeometryExtensions.swift in Sources */ = {isa = PBXBuildFile; fileRef = EE9D2AE01CC9DEE700C943DB /* CGGeometryExtensions.swift */; };
		EEA098C61CCE6AA200DCDDF0 /* RotatableLayer.swift in Sources */ = {isa = PBXBuildFile; fileRef = EEA098C51CCE6AA200DCDDF0 /* RotatableLayer.swift */; };
		EEF236181CD37F0400B5E65B /* RotatableScrollLayer.swift in Sources */ = {isa = PBXBuildFile; fileRef = EEF236171CD37F0400B5E65B /* RotatableScrollLayer.swift */; };
		EEF2361A1CD3BE8200B5E65B /* MaskingDemoViewController.swift in Sources */ = {isa = PBXBuildFile; fileRef = EEF236191CD3BE8200B5E65B /* MaskingDemoViewController.swift */; };
/* End PBXBuildFile section */

/* Begin PBXContainerItemProxy section */
		EE9D2AD71CC766F800C943DB /* PBXContainerItemProxy */ = {
			isa = PBXContainerItemProxy;
			containerPortal = EE1C19101CC0EB0600E6C4CC /* Project object */;
			proxyType = 1;
			remoteGlobalIDString = EE1C19171CC0EB0600E6C4CC;
			remoteInfo = PolarKit;
		};
/* End PBXContainerItemProxy section */

/* Begin PBXFileReference section */
		EE03B9811CC4C2BC00209793 /* PolarCoordinatedView.swift */ = {isa = PBXFileReference; fileEncoding = 4; lastKnownFileType = sourcecode.swift; lineEnding = 0; path = PolarCoordinatedView.swift; sourceTree = "<group>"; xcLanguageSpecificationIdentifier = xcode.lang.swift; };
		EE03B9831CC508CF00209793 /* RotatableView.swift */ = {isa = PBXFileReference; fileEncoding = 4; lastKnownFileType = sourcecode.swift; lineEnding = 0; path = RotatableView.swift; sourceTree = "<group>"; xcLanguageSpecificationIdentifier = xcode.lang.swift; };
		EE03B9871CC61CD400209793 /* RotatableViewDemoViewController.swift */ = {isa = PBXFileReference; fileEncoding = 4; lastKnownFileType = sourcecode.swift; lineEnding = 0; path = RotatableViewDemoViewController.swift; sourceTree = "<group>"; xcLanguageSpecificationIdentifier = xcode.lang.swift; };
		EE03B98A1CC65E3700209793 /* CircularScrollViewDemoViewController.swift */ = {isa = PBXFileReference; fileEncoding = 4; lastKnownFileType = sourcecode.swift; lineEnding = 0; path = CircularScrollViewDemoViewController.swift; sourceTree = "<group>"; xcLanguageSpecificationIdentifier = xcode.lang.swift; };
		EE03B98C1CC65F5F00209793 /* CircularScrollView.swift */ = {isa = PBXFileReference; fileEncoding = 4; lastKnownFileType = sourcecode.swift; lineEnding = 0; path = CircularScrollView.swift; sourceTree = "<group>"; xcLanguageSpecificationIdentifier = xcode.lang.swift; };
		EE1C19181CC0EB0600E6C4CC /* PolarKit.app */ = {isa = PBXFileReference; explicitFileType = wrapper.application; includeInIndex = 0; path = PolarKit.app; sourceTree = BUILT_PRODUCTS_DIR; };
		EE1C191B1CC0EB0600E6C4CC /* AppDelegate.swift */ = {isa = PBXFileReference; lastKnownFileType = sourcecode.swift; lineEnding = 0; path = AppDelegate.swift; sourceTree = "<group>"; xcLanguageSpecificationIdentifier = xcode.lang.swift; };
		EE1C19201CC0EB0600E6C4CC /* Base */ = {isa = PBXFileReference; lastKnownFileType = file.storyboard; name = Base; path = Base.lproj/Main.storyboard; sourceTree = "<group>"; };
		EE1C19221CC0EB0600E6C4CC /* Assets.xcassets */ = {isa = PBXFileReference; lastKnownFileType = folder.assetcatalog; path = Assets.xcassets; sourceTree = "<group>"; };
		EE1C19251CC0EB0600E6C4CC /* Base */ = {isa = PBXFileReference; lastKnownFileType = file.storyboard; name = Base; path = Base.lproj/LaunchScreen.storyboard; sourceTree = "<group>"; };
		EE1C19271CC0EB0600E6C4CC /* Info.plist */ = {isa = PBXFileReference; lastKnownFileType = text.plist.xml; path = Info.plist; sourceTree = "<group>"; };
		EE6C8DF01CCE12CE009BDCAA /* PolarCoordinatedLayer.swift */ = {isa = PBXFileReference; fileEncoding = 4; lastKnownFileType = sourcecode.swift; lineEnding = 0; path = PolarCoordinatedLayer.swift; sourceTree = "<group>"; xcLanguageSpecificationIdentifier = xcode.lang.swift; };
		EE9D2AD21CC766F800C943DB /* PolarKitTests.xctest */ = {isa = PBXFileReference; explicitFileType = wrapper.cfbundle; includeInIndex = 0; path = PolarKitTests.xctest; sourceTree = BUILT_PRODUCTS_DIR; };
		EE9D2AD41CC766F800C943DB /* PolarKitTests.swift */ = {isa = PBXFileReference; lastKnownFileType = sourcecode.swift; lineEnding = 0; path = PolarKitTests.swift; sourceTree = "<group>"; xcLanguageSpecificationIdentifier = xcode.lang.swift; };
		EE9D2AD61CC766F800C943DB /* Info.plist */ = {isa = PBXFileReference; lastKnownFileType = text.plist.xml; path = Info.plist; sourceTree = "<group>"; };
		EE9D2ADC1CC7A47D00C943DB /* ApproximateOperatorsForDouble.swift */ = {isa = PBXFileReference; fileEncoding = 4; lastKnownFileType = sourcecode.swift; path = ApproximateOperatorsForDouble.swift; sourceTree = "<group>"; };
		EE9D2AE01CC9DEE700C943DB /* CGGeometryExtensions.swift */ = {isa = PBXFileReference; fileEncoding = 4; lastKnownFileType = sourcecode.swift; lineEnding = 0; path = CGGeometryExtensions.swift; sourceTree = "<group>"; xcLanguageSpecificationIdentifier = xcode.lang.swift; };
		EEA098C51CCE6AA200DCDDF0 /* RotatableLayer.swift */ = {isa = PBXFileReference; fileEncoding = 4; lastKnownFileType = sourcecode.swift; lineEnding = 0; path = RotatableLayer.swift; sourceTree = "<group>"; xcLanguageSpecificationIdentifier = xcode.lang.swift; };
		EEF236171CD37F0400B5E65B /* RotatableScrollLayer.swift */ = {isa = PBXFileReference; fileEncoding = 4; lastKnownFileType = sourcecode.swift; lineEnding = 0; path = RotatableScrollLayer.swift; sourceTree = "<group>"; xcLanguageSpecificationIdentifier = xcode.lang.swift; };
		EEF236191CD3BE8200B5E65B /* MaskingDemoViewController.swift */ = {isa = PBXFileReference; fileEncoding = 4; lastKnownFileType = sourcecode.swift; lineEnding = 0; path = MaskingDemoViewController.swift; sourceTree = "<group>"; xcLanguageSpecificationIdentifier = xcode.lang.swift; };
/* End PBXFileReference section */

/* Begin PBXFrameworksBuildPhase section */
		EE1C19151CC0EB0600E6C4CC /* Frameworks */ = {
			isa = PBXFrameworksBuildPhase;
			buildActionMask = 2147483647;
			files = (
			);
			runOnlyForDeploymentPostprocessing = 0;
		};
		EE9D2ACF1CC766F800C943DB /* Frameworks */ = {
			isa = PBXFrameworksBuildPhase;
			buildActionMask = 2147483647;
			files = (
			);
			runOnlyForDeploymentPostprocessing = 0;
		};
/* End PBXFrameworksBuildPhase section */

/* Begin PBXGroup section */
		EE03B9891CC65BBE00209793 /* ViewControllers */ = {
			isa = PBXGroup;
			children = (
				EE03B9871CC61CD400209793 /* RotatableViewDemoViewController.swift */,
				EE03B98A1CC65E3700209793 /* CircularScrollViewDemoViewController.swift */,
				EEF236191CD3BE8200B5E65B /* MaskingDemoViewController.swift */,
			);
			name = ViewControllers;
			sourceTree = "<group>";
		};
		EE1C190F1CC0EB0600E6C4CC = {
			isa = PBXGroup;
			children = (
				EE1C191A1CC0EB0600E6C4CC /* PolarKit */,
				EE9D2AD31CC766F800C943DB /* PolarKitTests */,
				EE1C19191CC0EB0600E6C4CC /* Products */,
			);
			sourceTree = "<group>";
		};
		EE1C19191CC0EB0600E6C4CC /* Products */ = {
			isa = PBXGroup;
			children = (
				EE1C19181CC0EB0600E6C4CC /* PolarKit.app */,
				EE9D2AD21CC766F800C943DB /* PolarKitTests.xctest */,
			);
			name = Products;
			sourceTree = "<group>";
		};
		EE1C191A1CC0EB0600E6C4CC /* PolarKit */ = {
			isa = PBXGroup;
			children = (
				EE1C191B1CC0EB0600E6C4CC /* AppDelegate.swift */,
				EE7E81841CD77D720030EEED /* Views */,
				EE7E81831CD77CCC0030EEED /* Layers */,
				EE03B9891CC65BBE00209793 /* ViewControllers */,
				EE9D2AE01CC9DEE700C943DB /* CGGeometryExtensions.swift */,
				EE1C191F1CC0EB0600E6C4CC /* Main.storyboard */,
				EE1C19221CC0EB0600E6C4CC /* Assets.xcassets */,
				EE1C19241CC0EB0600E6C4CC /* LaunchScreen.storyboard */,
				EE1C19271CC0EB0600E6C4CC /* Info.plist */,
			);
			path = PolarKit;
			sourceTree = "<group>";
		};
		EE7E81831CD77CCC0030EEED /* Layers */ = {
			isa = PBXGroup;
			children = (
				EE6C8DF01CCE12CE009BDCAA /* PolarCoordinatedLayer.swift */,
				EEA098C51CCE6AA200DCDDF0 /* RotatableLayer.swift */,
				EEF236171CD37F0400B5E65B /* RotatableScrollLayer.swift */,
			);
			name = Layers;
			sourceTree = "<group>";
		};
		EE7E81841CD77D720030EEED /* Views */ = {
			isa = PBXGroup;
			children = (
				EE03B9811CC4C2BC00209793 /* PolarCoordinatedView.swift */,
				EE03B9831CC508CF00209793 /* RotatableView.swift */,
				EE03B98C1CC65F5F00209793 /* CircularScrollView.swift */,
			);
			name = Views;
			sourceTree = "<group>";
		};
		EE9D2AD31CC766F800C943DB /* PolarKitTests */ = {
			isa = PBXGroup;
			children = (
				EE9D2AD41CC766F800C943DB /* PolarKitTests.swift */,
				EE9D2ADC1CC7A47D00C943DB /* ApproximateOperatorsForDouble.swift */,
				EE9D2AD61CC766F800C943DB /* Info.plist */,
			);
			path = PolarKitTests;
			sourceTree = "<group>";
		};
/* End PBXGroup section */

/* Begin PBXNativeTarget section */
		EE1C19171CC0EB0600E6C4CC /* PolarKit */ = {
			isa = PBXNativeTarget;
			buildConfigurationList = EE1C192A1CC0EB0600E6C4CC /* Build configuration list for PBXNativeTarget "PolarKit" */;
			buildPhases = (
				EE1C19141CC0EB0600E6C4CC /* Sources */,
				EE1C19151CC0EB0600E6C4CC /* Frameworks */,
				EE1C19161CC0EB0600E6C4CC /* Resources */,
			);
			buildRules = (
			);
			dependencies = (
			);
			name = PolarKit;
			productName = PolarKit;
			productReference = EE1C19181CC0EB0600E6C4CC /* PolarKit.app */;
			productType = "com.apple.product-type.application";
		};
		EE9D2AD11CC766F800C943DB /* PolarKitTests */ = {
			isa = PBXNativeTarget;
			buildConfigurationList = EE9D2ADB1CC766F800C943DB /* Build configuration list for PBXNativeTarget "PolarKitTests" */;
			buildPhases = (
				EE9D2ACE1CC766F800C943DB /* Sources */,
				EE9D2ACF1CC766F800C943DB /* Frameworks */,
				EE9D2AD01CC766F800C943DB /* Resources */,
			);
			buildRules = (
			);
			dependencies = (
				EE9D2AD81CC766F800C943DB /* PBXTargetDependency */,
			);
			name = PolarKitTests;
			productName = PolarKitTests;
			productReference = EE9D2AD21CC766F800C943DB /* PolarKitTests.xctest */;
			productType = "com.apple.product-type.bundle.unit-test";
		};
/* End PBXNativeTarget section */

/* Begin PBXProject section */
		EE1C19101CC0EB0600E6C4CC /* Project object */ = {
			isa = PBXProject;
			attributes = {
				LastSwiftUpdateCheck = 0720;
				LastUpgradeCheck = 0720;
				ORGANIZATIONNAME = "Yonguk Jeong";
				TargetAttributes = {
					EE1C19171CC0EB0600E6C4CC = {
						CreatedOnToolsVersion = 7.2.1;
					};
					EE9D2AD11CC766F800C943DB = {
						CreatedOnToolsVersion = 7.2.1;
						TestTargetID = EE1C19171CC0EB0600E6C4CC;
					};
				};
			};
			buildConfigurationList = EE1C19131CC0EB0600E6C4CC /* Build configuration list for PBXProject "PolarKit" */;
			compatibilityVersion = "Xcode 3.2";
			developmentRegion = English;
			hasScannedForEncodings = 0;
			knownRegions = (
				en,
				Base,
			);
			mainGroup = EE1C190F1CC0EB0600E6C4CC;
			productRefGroup = EE1C19191CC0EB0600E6C4CC /* Products */;
			projectDirPath = "";
			projectRoot = "";
			targets = (
				EE1C19171CC0EB0600E6C4CC /* PolarKit */,
				EE9D2AD11CC766F800C943DB /* PolarKitTests */,
			);
		};
/* End PBXProject section */

/* Begin PBXResourcesBuildPhase section */
		EE1C19161CC0EB0600E6C4CC /* Resources */ = {
			isa = PBXResourcesBuildPhase;
			buildActionMask = 2147483647;
			files = (
				EE1C19261CC0EB0600E6C4CC /* LaunchScreen.storyboard in Resources */,
				EE1C19231CC0EB0600E6C4CC /* Assets.xcassets in Resources */,
				EE1C19211CC0EB0600E6C4CC /* Main.storyboard in Resources */,
			);
			runOnlyForDeploymentPostprocessing = 0;
		};
		EE9D2AD01CC766F800C943DB /* Resources */ = {
			isa = PBXResourcesBuildPhase;
			buildActionMask = 2147483647;
			files = (
			);
			runOnlyForDeploymentPostprocessing = 0;
		};
/* End PBXResourcesBuildPhase section */

/* Begin PBXSourcesBuildPhase section */
		EE1C19141CC0EB0600E6C4CC /* Sources */ = {
			isa = PBXSourcesBuildPhase;
			buildActionMask = 2147483647;
			files = (
				EE6C8DF11CCE12CE009BDCAA /* PolarCoordinatedLayer.swift in Sources */,
				EE03B9821CC4C2BC00209793 /* PolarCoordinatedView.swift in Sources */,
				EEA098C61CCE6AA200DCDDF0 /* RotatableLayer.swift in Sources */,
				EE03B98D1CC65F5F00209793 /* CircularScrollView.swift in Sources */,
				EEF236181CD37F0400B5E65B /* RotatableScrollLayer.swift in Sources */,
				EE03B98B1CC65E3700209793 /* CircularScrollViewDemoViewController.swift in Sources */,
				EEF2361A1CD3BE8200B5E65B /* MaskingDemoViewController.swift in Sources */,
				EE03B9881CC61CD400209793 /* RotatableViewDemoViewController.swift in Sources */,
				EE1C191C1CC0EB0600E6C4CC /* AppDelegate.swift in Sources */,
				EE9D2AE11CC9DEE700C943DB /* CGGeometryExtensions.swift in Sources */,
				EE03B9841CC508CF00209793 /* RotatableView.swift in Sources */,
			);
			runOnlyForDeploymentPostprocessing = 0;
		};
		EE9D2ACE1CC766F800C943DB /* Sources */ = {
			isa = PBXSourcesBuildPhase;
			buildActionMask = 2147483647;
			files = (
				EE9D2AD51CC766F800C943DB /* PolarKitTests.swift in Sources */,
				EE9D2ADD1CC7A47D00C943DB /* ApproximateOperatorsForDouble.swift in Sources */,
			);
			runOnlyForDeploymentPostprocessing = 0;
		};
/* End PBXSourcesBuildPhase section */

/* Begin PBXTargetDependency section */
		EE9D2AD81CC766F800C943DB /* PBXTargetDependency */ = {
			isa = PBXTargetDependency;
			target = EE1C19171CC0EB0600E6C4CC /* PolarKit */;
			targetProxy = EE9D2AD71CC766F800C943DB /* PBXContainerItemProxy */;
		};
/* End PBXTargetDependency section */

/* Begin PBXVariantGroup section */
		EE1C191F1CC0EB0600E6C4CC /* Main.storyboard */ = {
			isa = PBXVariantGroup;
			children = (
				EE1C19201CC0EB0600E6C4CC /* Base */,
			);
			name = Main.storyboard;
			sourceTree = "<group>";
		};
		EE1C19241CC0EB0600E6C4CC /* LaunchScreen.storyboard */ = {
			isa = PBXVariantGroup;
			children = (
				EE1C19251CC0EB0600E6C4CC /* Base */,
			);
			name = LaunchScreen.storyboard;
			sourceTree = "<group>";
		};
/* End PBXVariantGroup section */

/* Begin XCBuildConfiguration section */
		EE1C19281CC0EB0600E6C4CC /* Debug */ = {
			isa = XCBuildConfiguration;
			buildSettings = {
				ALWAYS_SEARCH_USER_PATHS = NO;
				CLANG_CXX_LANGUAGE_STANDARD = "gnu++0x";
				CLANG_CXX_LIBRARY = "libc++";
				CLANG_ENABLE_MODULES = YES;
				CLANG_ENABLE_OBJC_ARC = YES;
				CLANG_WARN_BOOL_CONVERSION = YES;
				CLANG_WARN_CONSTANT_CONVERSION = YES;
				CLANG_WARN_DIRECT_OBJC_ISA_USAGE = YES_ERROR;
				CLANG_WARN_EMPTY_BODY = YES;
				CLANG_WARN_ENUM_CONVERSION = YES;
				CLANG_WARN_INT_CONVERSION = YES;
				CLANG_WARN_OBJC_ROOT_CLASS = YES_ERROR;
				CLANG_WARN_UNREACHABLE_CODE = YES;
				CLANG_WARN__DUPLICATE_METHOD_MATCH = YES;
				"CODE_SIGN_IDENTITY[sdk=iphoneos*]" = "iPhone Developer";
				COPY_PHASE_STRIP = NO;
				DEBUG_INFORMATION_FORMAT = dwarf;
				ENABLE_STRICT_OBJC_MSGSEND = YES;
				ENABLE_TESTABILITY = YES;
				GCC_C_LANGUAGE_STANDARD = gnu99;
				GCC_DYNAMIC_NO_PIC = NO;
				GCC_NO_COMMON_BLOCKS = YES;
				GCC_OPTIMIZATION_LEVEL = 0;
				GCC_PREPROCESSOR_DEFINITIONS = (
					"DEBUG=1",
					"$(inherited)",
				);
				GCC_WARN_64_TO_32_BIT_CONVERSION = YES;
				GCC_WARN_ABOUT_RETURN_TYPE = YES_ERROR;
				GCC_WARN_UNDECLARED_SELECTOR = YES;
				GCC_WARN_UNINITIALIZED_AUTOS = YES_AGGRESSIVE;
				GCC_WARN_UNUSED_FUNCTION = YES;
				GCC_WARN_UNUSED_VARIABLE = YES;
				IPHONEOS_DEPLOYMENT_TARGET = 9.2;
				MTL_ENABLE_DEBUG_INFO = YES;
				ONLY_ACTIVE_ARCH = YES;
				SDKROOT = iphoneos;
				SWIFT_OPTIMIZATION_LEVEL = "-Onone";
			};
			name = Debug;
		};
		EE1C19291CC0EB0600E6C4CC /* Release */ = {
			isa = XCBuildConfiguration;
			buildSettings = {
				ALWAYS_SEARCH_USER_PATHS = NO;
				CLANG_CXX_LANGUAGE_STANDARD = "gnu++0x";
				CLANG_CXX_LIBRARY = "libc++";
				CLANG_ENABLE_MODULES = YES;
				CLANG_ENABLE_OBJC_ARC = YES;
				CLANG_WARN_BOOL_CONVERSION = YES;
				CLANG_WARN_CONSTANT_CONVERSION = YES;
				CLANG_WARN_DIRECT_OBJC_ISA_USAGE = YES_ERROR;
				CLANG_WARN_EMPTY_BODY = YES;
				CLANG_WARN_ENUM_CONVERSION = YES;
				CLANG_WARN_INT_CONVERSION = YES;
				CLANG_WARN_OBJC_ROOT_CLASS = YES_ERROR;
				CLANG_WARN_UNREACHABLE_CODE = YES;
				CLANG_WARN__DUPLICATE_METHOD_MATCH = YES;
				"CODE_SIGN_IDENTITY[sdk=iphoneos*]" = "iPhone Developer";
				COPY_PHASE_STRIP = NO;
				DEBUG_INFORMATION_FORMAT = "dwarf-with-dsym";
				ENABLE_NS_ASSERTIONS = NO;
				ENABLE_STRICT_OBJC_MSGSEND = YES;
				GCC_C_LANGUAGE_STANDARD = gnu99;
				GCC_NO_COMMON_BLOCKS = YES;
				GCC_WARN_64_TO_32_BIT_CONVERSION = YES;
				GCC_WARN_ABOUT_RETURN_TYPE = YES_ERROR;
				GCC_WARN_UNDECLARED_SELECTOR = YES;
				GCC_WARN_UNINITIALIZED_AUTOS = YES_AGGRESSIVE;
				GCC_WARN_UNUSED_FUNCTION = YES;
				GCC_WARN_UNUSED_VARIABLE = YES;
				IPHONEOS_DEPLOYMENT_TARGET = 9.2;
				MTL_ENABLE_DEBUG_INFO = NO;
				SDKROOT = iphoneos;
				VALIDATE_PRODUCT = YES;
			};
			name = Release;
		};
		EE1C192B1CC0EB0600E6C4CC /* Debug */ = {
			isa = XCBuildConfiguration;
			buildSettings = {
				ASSETCATALOG_COMPILER_APPICON_NAME = AppIcon;
				INFOPLIST_FILE = PolarKit/Info.plist;
				LD_RUNPATH_SEARCH_PATHS = "$(inherited) @executable_path/Frameworks";
				PRODUCT_BUNDLE_IDENTIFIER = com.yong.PolarKit;
				PRODUCT_NAME = "$(TARGET_NAME)";
			};
			name = Debug;
		};
		EE1C192C1CC0EB0600E6C4CC /* Release */ = {
			isa = XCBuildConfiguration;
			buildSettings = {
				ASSETCATALOG_COMPILER_APPICON_NAME = AppIcon;
				INFOPLIST_FILE = PolarKit/Info.plist;
				LD_RUNPATH_SEARCH_PATHS = "$(inherited) @executable_path/Frameworks";
				PRODUCT_BUNDLE_IDENTIFIER = com.yong.PolarKit;
				PRODUCT_NAME = "$(TARGET_NAME)";
			};
			name = Release;
		};
		EE9D2AD91CC766F800C943DB /* Debug */ = {
			isa = XCBuildConfiguration;
			buildSettings = {
				BUNDLE_LOADER = "$(TEST_HOST)";
				INFOPLIST_FILE = PolarKitTests/Info.plist;
				LD_RUNPATH_SEARCH_PATHS = "$(inherited) @executable_path/Frameworks @loader_path/Frameworks";
				PRODUCT_BUNDLE_IDENTIFIER = com.yong.PolarKitTests;
				PRODUCT_NAME = "$(TARGET_NAME)";
				TEST_HOST = "$(BUILT_PRODUCTS_DIR)/PolarKit.app/PolarKit";
			};
			name = Debug;
		};
		EE9D2ADA1CC766F800C943DB /* Release */ = {
			isa = XCBuildConfiguration;
			buildSettings = {
				BUNDLE_LOADER = "$(TEST_HOST)";
				INFOPLIST_FILE = PolarKitTests/Info.plist;
				LD_RUNPATH_SEARCH_PATHS = "$(inherited) @executable_path/Frameworks @loader_path/Frameworks";
				PRODUCT_BUNDLE_IDENTIFIER = com.yong.PolarKitTests;
				PRODUCT_NAME = "$(TARGET_NAME)";
				TEST_HOST = "$(BUILT_PRODUCTS_DIR)/PolarKit.app/PolarKit";
			};
			name = Release;
		};
/* End XCBuildConfiguration section */

/* Begin XCConfigurationList section */
		EE1C19131CC0EB0600E6C4CC /* Build configuration list for PBXProject "PolarKit" */ = {
			isa = XCConfigurationList;
			buildConfigurations = (
				EE1C19281CC0EB0600E6C4CC /* Debug */,
				EE1C19291CC0EB0600E6C4CC /* Release */,
			);
			defaultConfigurationIsVisible = 0;
			defaultConfigurationName = Release;
		};
		EE1C192A1CC0EB0600E6C4CC /* Build configuration list for PBXNativeTarget "PolarKit" */ = {
			isa = XCConfigurationList;
			buildConfigurations = (
				EE1C192B1CC0EB0600E6C4CC /* Debug */,
				EE1C192C1CC0EB0600E6C4CC /* Release */,
			);
			defaultConfigurationIsVisible = 0;
			defaultConfigurationName = Release;
		};
		EE9D2ADB1CC766F800C943DB /* Build configuration list for PBXNativeTarget "PolarKitTests" */ = {
			isa = XCConfigurationList;
			buildConfigurations = (
				EE9D2AD91CC766F800C943DB /* Debug */,
				EE9D2ADA1CC766F800C943DB /* Release */,
			);
			defaultConfigurationIsVisible = 0;
			defaultConfigurationName = Release;
		};
/* End XCConfigurationList section */
	};
	rootObject = EE1C19101CC0EB0600E6C4CC /* Project object */;
}
